// !$*UTF8*$!
{
	archiveVersion = 1;
	classes = {
	};
	objectVersion = 46;
	objects = {

/* Begin PBXBuildFile section */
		52CE45E91ADBB30C00646D13 /* AppDelegate.swift in Sources */ = {isa = PBXBuildFile; fileRef = 52CE45E81ADBB30C00646D13 /* AppDelegate.swift */; };
		52CE45EB1ADBB30C00646D13 /* ViewController.swift in Sources */ = {isa = PBXBuildFile; fileRef = 52CE45EA1ADBB30C00646D13 /* ViewController.swift */; };
		52CE45EE1ADBB30C00646D13 /* Main.storyboard in Resources */ = {isa = PBXBuildFile; fileRef = 52CE45EC1ADBB30C00646D13 /* Main.storyboard */; };
		52CE45F01ADBB30C00646D13 /* Images.xcassets in Resources */ = {isa = PBXBuildFile; fileRef = 52CE45EF1ADBB30C00646D13 /* Images.xcassets */; };
		52CE45F31ADBB30C00646D13 /* LaunchScreen.xib in Resources */ = {isa = PBXBuildFile; fileRef = 52CE45F11ADBB30C00646D13 /* LaunchScreen.xib */; };
		52CE46091ADBB34800646D13 /* AASingletons.framework in Frameworks */ = {isa = PBXBuildFile; fileRef = 52CE46081ADBB34800646D13 /* AASingletons.framework */; };
		52CE460A1ADBB34800646D13 /* AASingletons.framework in Embed Frameworks */ = {isa = PBXBuildFile; fileRef = 52CE46081ADBB34800646D13 /* AASingletons.framework */; settings = {ATTRIBUTES = (CodeSignOnCopy, RemoveHeadersOnCopy, ); }; };
/* End PBXBuildFile section */

/* Begin PBXCopyFilesBuildPhase section */
		52CE460B1ADBB34800646D13 /* Embed Frameworks */ = {
			isa = PBXCopyFilesBuildPhase;
			buildActionMask = 2147483647;
			dstPath = "";
			dstSubfolderSpec = 10;
			files = (
				52CE460A1ADBB34800646D13 /* AASingletons.framework in Embed Frameworks */,
			);
			name = "Embed Frameworks";
			runOnlyForDeploymentPostprocessing = 0;
		};
/* End PBXCopyFilesBuildPhase section */

/* Begin PBXFileReference section */
		52CE45E31ADBB30C00646D13 /* AASingletonsExample.app */ = {isa = PBXFileReference; explicitFileType = wrapper.application; includeInIndex = 0; path = AASingletonsExample.app; sourceTree = BUILT_PRODUCTS_DIR; };
		52CE45E71ADBB30C00646D13 /* Info.plist */ = {isa = PBXFileReference; lastKnownFileType = text.plist.xml; path = Info.plist; sourceTree = "<group>"; };
		52CE45E81ADBB30C00646D13 /* AppDelegate.swift */ = {isa = PBXFileReference; lastKnownFileType = sourcecode.swift; path = AppDelegate.swift; sourceTree = "<group>"; };
		52CE45EA1ADBB30C00646D13 /* ViewController.swift */ = {isa = PBXFileReference; lastKnownFileType = sourcecode.swift; path = ViewController.swift; sourceTree = "<group>"; };
		52CE45ED1ADBB30C00646D13 /* Base */ = {isa = PBXFileReference; lastKnownFileType = file.storyboard; name = Base; path = Base.lproj/Main.storyboard; sourceTree = "<group>"; };
		52CE45EF1ADBB30C00646D13 /* Images.xcassets */ = {isa = PBXFileReference; lastKnownFileType = folder.assetcatalog; path = Images.xcassets; sourceTree = "<group>"; };
		52CE45F21ADBB30C00646D13 /* Base */ = {isa = PBXFileReference; lastKnownFileType = file.xib; name = Base; path = Base.lproj/LaunchScreen.xib; sourceTree = "<group>"; };
		52CE46081ADBB34800646D13 /* AASingletons.framework */ = {isa = PBXFileReference; explicitFileType = wrapper.framework; name = AASingletons.framework; path = "/Users/macbookpro/Library/Developer/Xcode/DerivedData/AASingletonsWorkspace-akatkbtdvkxeclbcgibhezmesdvo/Build/Products/Debug-iphoneos/AASingletons.framework"; sourceTree = "<absolute>"; };
/* End PBXFileReference section */

/* Begin PBXFrameworksBuildPhase section */
		52CE45E01ADBB30C00646D13 /* Frameworks */ = {
			isa = PBXFrameworksBuildPhase;
			buildActionMask = 2147483647;
			files = (
				52CE46091ADBB34800646D13 /* AASingletons.framework in Frameworks */,
			);
			runOnlyForDeploymentPostprocessing = 0;
		};
/* End PBXFrameworksBuildPhase section */

/* Begin PBXGroup section */
		52CE45DA1ADBB30C00646D13 = {
			isa = PBXGroup;
			children = (
				52CE46081ADBB34800646D13 /* AASingletons.framework */,
				52CE45E51ADBB30C00646D13 /* AASingletonsExample */,
				52CE45E41ADBB30C00646D13 /* Products */,
			);
			sourceTree = "<group>";
		};
		52CE45E41ADBB30C00646D13 /* Products */ = {
			isa = PBXGroup;
			children = (
				52CE45E31ADBB30C00646D13 /* AASingletonsExample.app */,
			);
			name = Products;
			sourceTree = "<group>";
		};
		52CE45E51ADBB30C00646D13 /* AASingletonsExample */ = {
			isa = PBXGroup;
			children = (
				52CE45E81ADBB30C00646D13 /* AppDelegate.swift */,
				52CE45EA1ADBB30C00646D13 /* ViewController.swift */,
				52CE45EC1ADBB30C00646D13 /* Main.storyboard */,
				52CE45EF1ADBB30C00646D13 /* Images.xcassets */,
				52CE45F11ADBB30C00646D13 /* LaunchScreen.xib */,
				52CE45E61ADBB30C00646D13 /* Supporting Files */,
			);
			path = AASingletonsExample;
			sourceTree = "<group>";
		};
		52CE45E61ADBB30C00646D13 /* Supporting Files */ = {
			isa = PBXGroup;
			children = (
				52CE45E71ADBB30C00646D13 /* Info.plist */,
			);
			name = "Supporting Files";
			sourceTree = "<group>";
		};
/* End PBXGroup section */

/* Begin PBXNativeTarget section */
		52CE45E21ADBB30C00646D13 /* AASingletonsExample */ = {
			isa = PBXNativeTarget;
			buildConfigurationList = 52CE46021ADBB30C00646D13 /* Build configuration list for PBXNativeTarget "AASingletonsExample" */;
			buildPhases = (
				52CE45DF1ADBB30C00646D13 /* Sources */,
				52CE45E01ADBB30C00646D13 /* Frameworks */,
				52CE45E11ADBB30C00646D13 /* Resources */,
				52CE460B1ADBB34800646D13 /* Embed Frameworks */,
			);
			buildRules = (
			);
			dependencies = (
			);
			name = AASingletonsExample;
			productName = AASingletonsExample;
			productReference = 52CE45E31ADBB30C00646D13 /* AASingletonsExample.app */;
			productType = "com.apple.product-type.application";
		};
/* End PBXNativeTarget section */

/* Begin PBXProject section */
		52CE45DB1ADBB30C00646D13 /* Project object */ = {
			isa = PBXProject;
			attributes = {
				LastUpgradeCheck = 0630;
				ORGANIZATIONNAME = Gregzo;
				TargetAttributes = {
					52CE45E21ADBB30C00646D13 = {
						CreatedOnToolsVersion = 6.3;
					};
				};
			};
			buildConfigurationList = 52CE45DE1ADBB30C00646D13 /* Build configuration list for PBXProject "AASingletonsExample" */;
			compatibilityVersion = "Xcode 3.2";
			developmentRegion = English;
			hasScannedForEncodings = 0;
			knownRegions = (
				en,
				Base,
			);
			mainGroup = 52CE45DA1ADBB30C00646D13;
			productRefGroup = 52CE45E41ADBB30C00646D13 /* Products */;
			projectDirPath = "";
			projectRoot = "";
			targets = (
				52CE45E21ADBB30C00646D13 /* AASingletonsExample */,
			);
		};
/* End PBXProject section */

/* Begin PBXResourcesBuildPhase section */
		52CE45E11ADBB30C00646D13 /* Resources */ = {
			isa = PBXResourcesBuildPhase;
			buildActionMask = 2147483647;
			files = (
				52CE45EE1ADBB30C00646D13 /* Main.storyboard in Resources */,
				52CE45F31ADBB30C00646D13 /* LaunchScreen.xib in Resources */,
				52CE45F01ADBB30C00646D13 /* Images.xcassets in Resources */,
			);
			runOnlyForDeploymentPostprocessing = 0;
		};
/* End PBXResourcesBuildPhase section */

/* Begin PBXSourcesBuildPhase section */
		52CE45DF1ADBB30C00646D13 /* Sources */ = {
			isa = PBXSourcesBuildPhase;
			buildActionMask = 2147483647;
			files = (
				52CE45EB1ADBB30C00646D13 /* ViewController.swift in Sources */,
				52CE45E91ADBB30C00646D13 /* AppDelegate.swift in Sources */,
			);
			runOnlyForDeploymentPostprocessing = 0;
		};
/* End PBXSourcesBuildPhase section */

/* Begin PBXVariantGroup section */
		52CE45EC1ADBB30C00646D13 /* Main.storyboard */ = {
			isa = PBXVariantGroup;
			children = (
				52CE45ED1ADBB30C00646D13 /* Base */,
			);
			name = Main.storyboard;
			sourceTree = "<group>";
		};
		52CE45F11ADBB30C00646D13 /* LaunchScreen.xib */ = {
			isa = PBXVariantGroup;
			children = (
				52CE45F21ADBB30C00646D13 /* Base */,
			);
			name = LaunchScreen.xib;
			sourceTree = "<group>";
		};
/* End PBXVariantGroup section */

/* Begin XCBuildConfiguration section */
		52CE46001ADBB30C00646D13 /* Debug */ = {
			isa = XCBuildConfiguration;
			buildSettings = {
				ALWAYS_SEARCH_USER_PATHS = NO;
				CLANG_CXX_LANGUAGE_STANDARD = "gnu++0x";
				CLANG_CXX_LIBRARY = "libc++";
				CLANG_ENABLE_MODULES = YES;
				CLANG_ENABLE_OBJC_ARC = YES;
				CLANG_WARN_BOOL_CONVERSION = YES;
				CLANG_WARN_CONSTANT_CONVERSION = YES;
				CLANG_WARN_DIRECT_OBJC_ISA_USAGE = YES_ERROR;
				CLANG_WARN_EMPTY_BODY = YES;
				CLANG_WARN_ENUM_CONVERSION = YES;
				CLANG_WARN_INT_CONVERSION = YES;
				CLANG_WARN_OBJC_ROOT_CLASS = YES_ERROR;
				CLANG_WARN_UNREACHABLE_CODE = YES;
				CLANG_WARN__DUPLICATE_METHOD_MATCH = YES;
				"CODE_SIGN_IDENTITY[sdk=iphoneos*]" = "iPhone Developer";
				COPY_PHASE_STRIP = NO;
				DEBUG_INFORMATION_FORMAT = "dwarf-with-dsym";
				ENABLE_STRICT_OBJC_MSGSEND = YES;
				GCC_C_LANGUAGE_STANDARD = gnu99;
				GCC_DYNAMIC_NO_PIC = NO;
				GCC_NO_COMMON_BLOCKS = YES;
				GCC_OPTIMIZATION_LEVEL = 0;
				GCC_PREPROCESSOR_DEFINITIONS = (
					"DEBUG=1",
					"$(inherited)",
				);
				GCC_SYMBOLS_PRIVATE_EXTERN = NO;
				GCC_WARN_64_TO_32_BIT_CONVERSION = YES;
				GCC_WARN_ABOUT_RETURN_TYPE = YES_ERROR;
				GCC_WARN_UNDECLARED_SELECTOR = YES;
				GCC_WARN_UNINITIALIZED_AUTOS = YES_AGGRESSIVE;
				GCC_WARN_UNUSED_FUNCTION = YES;
				GCC_WARN_UNUSED_VARIABLE = YES;
				IPHONEOS_DEPLOYMENT_TARGET = 8.3;
				MTL_ENABLE_DEBUG_INFO = YES;
				ONLY_ACTIVE_ARCH = YES;
				SDKROOT = iphoneos;
				SWIFT_OPTIMIZATION_LEVEL = "-Onone";
				TARGETED_DEVICE_FAMILY = "1,2";
			};
			name = Debug;
		};
		52CE46011ADBB30C00646D13 /* Release */ = {
			isa = XCBuildConfiguration;
			buildSettings = {
				ALWAYS_SEARCH_USER_PATHS = NO;
				CLANG_CXX_LANGUAGE_STANDARD = "gnu++0x";
				CLANG_CXX_LIBRARY = "libc++";
				CLANG_ENABLE_MODULES = YES;
				CLANG_ENABLE_OBJC_ARC = YES;
				CLANG_WARN_BOOL_CONVERSION = YES;
				CLANG_WARN_CONSTANT_CONVERSION = YES;
				CLANG_WARN_DIRECT_OBJC_ISA_USAGE = YES_ERROR;
				CLANG_WARN_EMPTY_BODY = YES;
				CLANG_WARN_ENUM_CONVERSION = YES;
				CLANG_WARN_INT_CONVERSION = YES;
				CLANG_WARN_OBJC_ROOT_CLASS = YES_ERROR;
				CLANG_WARN_UNREACHABLE_CODE = YES;
				CLANG_WARN__DUPLICATE_METHOD_MATCH = YES;
				"CODE_SIGN_IDENTITY[sdk=iphoneos*]" = "iPhone Developer";
				COPY_PHASE_STRIP = NO;
				DEBUG_INFORMATION_FORMAT = "dwarf-with-dsym";
				ENABLE_NS_ASSERTIONS = NO;
				ENABLE_STRICT_OBJC_MSGSEND = YES;
				GCC_C_LANGUAGE_STANDARD = gnu99;
				GCC_NO_COMMON_BLOCKS = YES;
				GCC_WARN_64_TO_32_BIT_CONVERSION = YES;
				GCC_WARN_ABOUT_RETURN_TYPE = YES_ERROR;
				GCC_WARN_UNDECLARED_SELECTOR = YES;
				GCC_WARN_UNINITIALIZED_AUTOS = YES_AGGRESSIVE;
				GCC_WARN_UNUSED_FUNCTION = YES;
				GCC_WARN_UNUSED_VARIABLE = YES;
				IPHONEOS_DEPLOYMENT_TARGET = 8.3;
				MTL_ENABLE_DEBUG_INFO = NO;
				SDKROOT = iphoneos;
				TARGETED_DEVICE_FAMILY = "1,2";
				VALIDATE_PRODUCT = YES;
			};
			name = Release;
		};
		52CE46031ADBB30C00646D13 /* Debug */ = {
			isa = XCBuildConfiguration;
			buildSettings = {
				ASSETCATALOG_COMPILER_APPICON_NAME = AppIcon;
				FRAMEWORK_SEARCH_PATHS = (
					"$(inherited)",
					"$(USER_LIBRARY_DIR)/Developer/Xcode/DerivedData/AASingletonsWorkspace-akatkbtdvkxeclbcgibhezmesdvo/Build/Products/Debug-iphoneos",
				);
				INFOPLIST_FILE = AASingletonsExample/Info.plist;
				LD_RUNPATH_SEARCH_PATHS = "$(inherited) @executable_path/Frameworks";
				PRODUCT_NAME = "$(TARGET_NAME)";
			};
			name = Debug;
		};
		52CE46041ADBB30C00646D13 /* Release */ = {
			isa = XCBuildConfiguration;
			buildSettings = {
				ASSETCATALOG_COMPILER_APPICON_NAME = AppIcon;
				FRAMEWORK_SEARCH_PATHS = (
					"$(inherited)",
					"$(USER_LIBRARY_DIR)/Developer/Xcode/DerivedData/AASingletonsWorkspace-akatkbtdvkxeclbcgibhezmesdvo/Build/Products/Debug-iphoneos",
				);
				INFOPLIST_FILE = AASingletonsExample/Info.plist;
				LD_RUNPATH_SEARCH_PATHS = "$(inherited) @executable_path/Frameworks";
				PRODUCT_NAME = "$(TARGET_NAME)";
			};
			name = Release;
		};
/* End XCBuildConfiguration section */

/* Begin XCConfigurationList section */
		52CE45DE1ADBB30C00646D13 /* Build configuration list for PBXProject "AASingletonsExample" */ = {
			isa = XCConfigurationList;
			buildConfigurations = (
				52CE46001ADBB30C00646D13 /* Debug */,
				52CE46011ADBB30C00646D13 /* Release */,
			);
			defaultConfigurationIsVisible = 0;
			defaultConfigurationName = Release;
		};
		52CE46021ADBB30C00646D13 /* Build configuration list for PBXNativeTarget "AASingletonsExample" */ = {
			isa = XCConfigurationList;
			buildConfigurations = (
				52CE46031ADBB30C00646D13 /* Debug */,
				52CE46041ADBB30C00646D13 /* Release */,
			);
			defaultConfigurationIsVisible = 0;
			defaultConfigurationName = Release;
		};
/* End XCConfigurationList section */
	};
	rootObject = 52CE45DB1ADBB30C00646D13 /* Project object */;
}
